// !$*UTF8*$!
{
	archiveVersion = 1;
	classes = {
	};
	objectVersion = 46;
	objects = {

/* Begin PBXBuildFile section */
		25B2225B1C25328E00F848B7 /* AppDelegate.swift in Sources */ = {isa = PBXBuildFile; fileRef = 25B2225A1C25328E00F848B7 /* AppDelegate.swift */; };
		25B2225D1C25328E00F848B7 /* ViewController.swift in Sources */ = {isa = PBXBuildFile; fileRef = 25B2225C1C25328E00F848B7 /* ViewController.swift */; };
		25B2225F1C25328E00F848B7 /* Assets.xcassets in Resources */ = {isa = PBXBuildFile; fileRef = 25B2225E1C25328E00F848B7 /* Assets.xcassets */; };
		25B222621C25328E00F848B7 /* Main.storyboard in Resources */ = {isa = PBXBuildFile; fileRef = 25B222601C25328E00F848B7 /* Main.storyboard */; };
		32FB8FB51C3460D7005B222F /* Battery.swift in Sources */ = {isa = PBXBuildFile; fileRef = 32FB8FB41C3460D7005B222F /* Battery.swift */; };
		6E6055621C5EA0870099AD18 /* Notifications.swift in Sources */ = {isa = PBXBuildFile; fileRef = 6E6055611C5EA0870099AD18 /* Notifications.swift */; };
		6E6055651C5EA1140099AD18 /* WebShellDebug.swift in Sources */ = {isa = PBXBuildFile; fileRef = 6E6055641C5EA1140099AD18 /* WebShellDebug.swift */; };
		6E6055671C5EA2050099AD18 /* WebShellFileHandler.swift in Sources */ = {isa = PBXBuildFile; fileRef = 6E6055661C5EA2050099AD18 /* WebShellFileHandler.swift */; };
		6E6055691C5EA2650099AD18 /* WebShellInjector.swift in Sources */ = {isa = PBXBuildFile; fileRef = 6E6055681C5EA2650099AD18 /* WebShellInjector.swift */; };
		6E60556B1C5EA5050099AD18 /* WebShellPageActions.swift in Sources */ = {isa = PBXBuildFile; fileRef = 6E60556A1C5EA5050099AD18 /* WebShellPageActions.swift */; };
		6E60556D1C5EA5D00099AD18 /* WebShellCore.swift in Sources */ = {isa = PBXBuildFile; fileRef = 6E60556C1C5EA5D00099AD18 /* WebShellCore.swift */; };
		6EA8D1571C5C0BCA004534F9 /* StringExtension.swift in Sources */ = {isa = PBXBuildFile; fileRef = 6EA8D1561C5C0BCA004534F9 /* StringExtension.swift */; };
		6EA8D1591C5C1240004534F9 /* navigator_geolocation_getCurrentPosition.swift in Sources */ = {isa = PBXBuildFile; fileRef = 6EA8D1581C5C1240004534F9 /* navigator_geolocation_getCurrentPosition.swift */; };
/* End PBXBuildFile section */

/* Begin PBXFileReference section */
		25B222571C25328E00F848B7 /* WebShell.app */ = {isa = PBXFileReference; explicitFileType = wrapper.application; includeInIndex = 0; path = WebShell.app; sourceTree = BUILT_PRODUCTS_DIR; };
		25B2225A1C25328E00F848B7 /* AppDelegate.swift */ = {isa = PBXFileReference; lastKnownFileType = sourcecode.swift; path = AppDelegate.swift; sourceTree = "<group>"; };
		25B2225C1C25328E00F848B7 /* ViewController.swift */ = {isa = PBXFileReference; lastKnownFileType = sourcecode.swift; path = ViewController.swift; sourceTree = "<group>"; };
		25B2225E1C25328E00F848B7 /* Assets.xcassets */ = {isa = PBXFileReference; lastKnownFileType = folder.assetcatalog; path = Assets.xcassets; sourceTree = "<group>"; };
		25B222611C25328E00F848B7 /* Base */ = {isa = PBXFileReference; lastKnownFileType = file.storyboard; name = Base; path = Base.lproj/Main.storyboard; sourceTree = "<group>"; };
		25B222631C25328E00F848B7 /* Info.plist */ = {isa = PBXFileReference; lastKnownFileType = text.plist.xml; path = Info.plist; sourceTree = "<group>"; };
		32FB8FB41C3460D7005B222F /* Battery.swift */ = {isa = PBXFileReference; fileEncoding = 4; lastKnownFileType = sourcecode.swift; path = Battery.swift; sourceTree = "<group>"; };
		6E3733301C2890A600CE0058 /* nl */ = {isa = PBXFileReference; lastKnownFileType = text.plist.strings; name = nl; path = nl.lproj/Main.strings; sourceTree = "<group>"; };
		6E6055611C5EA0870099AD18 /* Notifications.swift */ = {isa = PBXFileReference; fileEncoding = 4; lastKnownFileType = sourcecode.swift; path = Notifications.swift; sourceTree = "<group>"; };
		6E6055641C5EA1140099AD18 /* WebShellDebug.swift */ = {isa = PBXFileReference; fileEncoding = 4; lastKnownFileType = sourcecode.swift; path = WebShellDebug.swift; sourceTree = "<group>"; };
		6E6055661C5EA2050099AD18 /* WebShellFileHandler.swift */ = {isa = PBXFileReference; fileEncoding = 4; lastKnownFileType = sourcecode.swift; path = WebShellFileHandler.swift; sourceTree = "<group>"; };
		6E6055681C5EA2650099AD18 /* WebShellInjector.swift */ = {isa = PBXFileReference; fileEncoding = 4; lastKnownFileType = sourcecode.swift; path = WebShellInjector.swift; sourceTree = "<group>"; };
		6E60556A1C5EA5050099AD18 /* WebShellPageActions.swift */ = {isa = PBXFileReference; fileEncoding = 4; lastKnownFileType = sourcecode.swift; path = WebShellPageActions.swift; sourceTree = "<group>"; };
		6E60556C1C5EA5D00099AD18 /* WebShellCore.swift */ = {isa = PBXFileReference; fileEncoding = 4; lastKnownFileType = sourcecode.swift; path = WebShellCore.swift; sourceTree = "<group>"; };
		6EA8D1561C5C0BCA004534F9 /* StringExtension.swift */ = {isa = PBXFileReference; fileEncoding = 4; lastKnownFileType = sourcecode.swift; path = StringExtension.swift; sourceTree = "<group>"; };
		6EA8D1581C5C1240004534F9 /* navigator_geolocation_getCurrentPosition.swift */ = {isa = PBXFileReference; fileEncoding = 4; lastKnownFileType = sourcecode.swift; path = navigator_geolocation_getCurrentPosition.swift; sourceTree = "<group>"; };
/* End PBXFileReference section */

/* Begin PBXFrameworksBuildPhase section */
		25B222541C25328E00F848B7 /* Frameworks */ = {
			isa = PBXFrameworksBuildPhase;
			buildActionMask = 2147483647;
			files = (
			);
			runOnlyForDeploymentPostprocessing = 0;
		};
/* End PBXFrameworksBuildPhase section */

/* Begin PBXGroup section */
		25B2224E1C25328E00F848B7 = {
			isa = PBXGroup;
			children = (
				25B222591C25328E00F848B7 /* WebShell */,
			);
			sourceTree = "<group>";
		};
		25B222581C25328E00F848B7 /* Products */ = {
			isa = PBXGroup;
			children = (
				25B222571C25328E00F848B7 /* WebShell.app */,
			);
			name = Products;
			path = ..;
			sourceTree = "<group>";
		};
		25B222591C25328E00F848B7 /* WebShell */ = {
			isa = PBXGroup;
			children = (
				6E6055631C5EA0FC0099AD18 /* WebShell Core */,
				6E6055601C5EA04F0099AD18 /* HTML5 Support */,
				25B2225A1C25328E00F848B7 /* AppDelegate.swift */,
				25B2225C1C25328E00F848B7 /* ViewController.swift */,
				25B2225E1C25328E00F848B7 /* Assets.xcassets */,
				25B222601C25328E00F848B7 /* Main.storyboard */,
				25B222631C25328E00F848B7 /* Info.plist */,
				25B222581C25328E00F848B7 /* Products */,
			);
			path = WebShell;
			sourceTree = "<group>";
		};
		6E6055601C5EA04F0099AD18 /* HTML5 Support */ = {
			isa = PBXGroup;
			children = (
				32FB8FB41C3460D7005B222F /* Battery.swift */,
				6EA8D1581C5C1240004534F9 /* navigator_geolocation_getCurrentPosition.swift */,
				6E6055611C5EA0870099AD18 /* Notifications.swift */,
			);
			name = "HTML5 Support";
			sourceTree = "<group>";
		};
		6E6055631C5EA0FC0099AD18 /* WebShell Core */ = {
			isa = PBXGroup;
			children = (
				6E6055641C5EA1140099AD18 /* WebShellDebug.swift */,
				6EA8D1561C5C0BCA004534F9 /* StringExtension.swift */,
				6E6055661C5EA2050099AD18 /* WebShellFileHandler.swift */,
				6E6055681C5EA2650099AD18 /* WebShellInjector.swift */,
				6E60556A1C5EA5050099AD18 /* WebShellPageActions.swift */,
				6E60556C1C5EA5D00099AD18 /* WebShellCore.swift */,
			);
			name = "WebShell Core";
			sourceTree = "<group>";
		};
/* End PBXGroup section */

/* Begin PBXNativeTarget section */
		25B222561C25328E00F848B7 /* WebShell */ = {
			isa = PBXNativeTarget;
			buildConfigurationList = 25B222661C25328E00F848B7 /* Build configuration list for PBXNativeTarget "WebShell" */;
			buildPhases = (
				25B222531C25328E00F848B7 /* Sources */,
				25B222541C25328E00F848B7 /* Frameworks */,
				25B222551C25328E00F848B7 /* Resources */,
			);
			buildRules = (
			);
			dependencies = (
			);
			name = WebShell;
			productName = WebShell;
			productReference = 25B222571C25328E00F848B7 /* WebShell.app */;
			productType = "com.apple.product-type.application";
		};
/* End PBXNativeTarget section */

/* Begin PBXProject section */
		25B2224F1C25328E00F848B7 /* Project object */ = {
			isa = PBXProject;
			attributes = {
				LastUpgradeCheck = 0700;
				ORGANIZATIONNAME = RandyLu;
				TargetAttributes = {
					25B222561C25328E00F848B7 = {
						CreatedOnToolsVersion = 7.0.1;
					};
				};
			};
			buildConfigurationList = 25B222521C25328E00F848B7 /* Build configuration list for PBXProject "WebShell" */;
			compatibilityVersion = "Xcode 3.2";
			developmentRegion = English;
			hasScannedForEncodings = 0;
			knownRegions = (
				en,
				Base,
			);
			mainGroup = 25B2224E1C25328E00F848B7;
			productRefGroup = 25B222581C25328E00F848B7 /* Products */;
			projectDirPath = "";
			projectRoot = "";
			targets = (
				25B222561C25328E00F848B7 /* WebShell */,
			);
		};
/* End PBXProject section */

/* Begin PBXResourcesBuildPhase section */
		25B222551C25328E00F848B7 /* Resources */ = {
			isa = PBXResourcesBuildPhase;
			buildActionMask = 2147483647;
			files = (
				25B2225F1C25328E00F848B7 /* Assets.xcassets in Resources */,
				25B222621C25328E00F848B7 /* Main.storyboard in Resources */,
			);
			runOnlyForDeploymentPostprocessing = 0;
		};
/* End PBXResourcesBuildPhase section */

/* Begin PBXSourcesBuildPhase section */
		25B222531C25328E00F848B7 /* Sources */ = {
			isa = PBXSourcesBuildPhase;
			buildActionMask = 2147483647;
			files = (
				6E6055671C5EA2050099AD18 /* WebShellFileHandler.swift in Sources */,
				6E6055621C5EA0870099AD18 /* Notifications.swift in Sources */,
				6E60556D1C5EA5D00099AD18 /* WebShellCore.swift in Sources */,
				6EA8D1571C5C0BCA004534F9 /* StringExtension.swift in Sources */,
				32FB8FB51C3460D7005B222F /* Battery.swift in Sources */,
				6E6055651C5EA1140099AD18 /* WebShellDebug.swift in Sources */,
				6E6055691C5EA2650099AD18 /* WebShellInjector.swift in Sources */,
				6EA8D1591C5C1240004534F9 /* navigator_geolocation_getCurrentPosition.swift in Sources */,
				25B2225D1C25328E00F848B7 /* ViewController.swift in Sources */,
				6E60556B1C5EA5050099AD18 /* WebShellPageActions.swift in Sources */,
				25B2225B1C25328E00F848B7 /* AppDelegate.swift in Sources */,
			);
			runOnlyForDeploymentPostprocessing = 0;
		};
/* End PBXSourcesBuildPhase section */

/* Begin PBXVariantGroup section */
		25B222601C25328E00F848B7 /* Main.storyboard */ = {
			isa = PBXVariantGroup;
			children = (
				25B222611C25328E00F848B7 /* Base */,
				6E3733301C2890A600CE0058 /* nl */,
			);
			name = Main.storyboard;
			sourceTree = "<group>";
		};
/* End PBXVariantGroup section */

/* Begin XCBuildConfiguration section */
		25B222641C25328E00F848B7 /* Debug */ = {
			isa = XCBuildConfiguration;
			buildSettings = {
				ALWAYS_SEARCH_USER_PATHS = NO;
				CLANG_CXX_LANGUAGE_STANDARD = "gnu++0x";
				CLANG_CXX_LIBRARY = "libc++";
				CLANG_ENABLE_MODULES = YES;
				CLANG_ENABLE_OBJC_ARC = YES;
				CLANG_WARN_BOOL_CONVERSION = YES;
				CLANG_WARN_CONSTANT_CONVERSION = YES;
				CLANG_WARN_DIRECT_OBJC_ISA_USAGE = YES_ERROR;
				CLANG_WARN_EMPTY_BODY = YES;
				CLANG_WARN_ENUM_CONVERSION = YES;
				CLANG_WARN_INT_CONVERSION = YES;
				CLANG_WARN_OBJC_ROOT_CLASS = YES_ERROR;
				CLANG_WARN_UNREACHABLE_CODE = YES;
				CLANG_WARN__DUPLICATE_METHOD_MATCH = YES;
				CODE_SIGN_IDENTITY = "-";
				COPY_PHASE_STRIP = NO;
				DEBUG_INFORMATION_FORMAT = dwarf;
				ENABLE_STRICT_OBJC_MSGSEND = YES;
				ENABLE_TESTABILITY = YES;
				GCC_C_LANGUAGE_STANDARD = gnu99;
				GCC_DYNAMIC_NO_PIC = NO;
				GCC_NO_COMMON_BLOCKS = YES;
				GCC_OPTIMIZATION_LEVEL = 0;
				GCC_PREPROCESSOR_DEFINITIONS = (
					"DEBUG=1",
					"$(inherited)",
				);
				GCC_WARN_64_TO_32_BIT_CONVERSION = YES;
				GCC_WARN_ABOUT_RETURN_TYPE = YES_ERROR;
				GCC_WARN_UNDECLARED_SELECTOR = YES;
				GCC_WARN_UNINITIALIZED_AUTOS = YES_AGGRESSIVE;
				GCC_WARN_UNUSED_FUNCTION = YES;
				GCC_WARN_UNUSED_VARIABLE = YES;
				MACOSX_DEPLOYMENT_TARGET = 10.11;
				MTL_ENABLE_DEBUG_INFO = YES;
				ONLY_ACTIVE_ARCH = YES;
				SDKROOT = macosx;
				SWIFT_OPTIMIZATION_LEVEL = "-Onone";
			};
			name = Debug;
		};
		25B222651C25328E00F848B7 /* Release */ = {
			isa = XCBuildConfiguration;
			buildSettings = {
				ALWAYS_SEARCH_USER_PATHS = NO;
				CLANG_CXX_LANGUAGE_STANDARD = "gnu++0x";
				CLANG_CXX_LIBRARY = "libc++";
				CLANG_ENABLE_MODULES = YES;
				CLANG_ENABLE_OBJC_ARC = YES;
				CLANG_WARN_BOOL_CONVERSION = YES;
				CLANG_WARN_CONSTANT_CONVERSION = YES;
				CLANG_WARN_DIRECT_OBJC_ISA_USAGE = YES_ERROR;
				CLANG_WARN_EMPTY_BODY = YES;
				CLANG_WARN_ENUM_CONVERSION = YES;
				CLANG_WARN_INT_CONVERSION = YES;
				CLANG_WARN_OBJC_ROOT_CLASS = YES_ERROR;
				CLANG_WARN_UNREACHABLE_CODE = YES;
				CLANG_WARN__DUPLICATE_METHOD_MATCH = YES;
				CODE_SIGN_IDENTITY = "-";
				COPY_PHASE_STRIP = NO;
				DEBUG_INFORMATION_FORMAT = "dwarf-with-dsym";
				ENABLE_NS_ASSERTIONS = NO;
				ENABLE_STRICT_OBJC_MSGSEND = YES;
				GCC_C_LANGUAGE_STANDARD = gnu99;
				GCC_NO_COMMON_BLOCKS = YES;
				GCC_WARN_64_TO_32_BIT_CONVERSION = YES;
				GCC_WARN_ABOUT_RETURN_TYPE = YES_ERROR;
				GCC_WARN_UNDECLARED_SELECTOR = YES;
				GCC_WARN_UNINITIALIZED_AUTOS = YES_AGGRESSIVE;
				GCC_WARN_UNUSED_FUNCTION = YES;
				GCC_WARN_UNUSED_VARIABLE = YES;
				MACOSX_DEPLOYMENT_TARGET = 10.11;
				MTL_ENABLE_DEBUG_INFO = NO;
				SDKROOT = macosx;
			};
			name = Release;
		};
		25B222671C25328E00F848B7 /* Debug */ = {
			isa = XCBuildConfiguration;
			buildSettings = {
				ASSETCATALOG_COMPILER_APPICON_NAME = AppIcon;
				COMBINE_HIDPI_IMAGES = YES;
				INFOPLIST_FILE = WebShell/Info.plist;
				LD_RUNPATH_SEARCH_PATHS = "$(inherited) @executable_path/../Frameworks";
				MACOSX_DEPLOYMENT_TARGET = 10.10;
				PRODUCT_BUNDLE_IDENTIFIER = io.github.djyde.WebShell;
				PRODUCT_NAME = "$(TARGET_NAME)";
			};
			name = Debug;
		};
		25B222681C25328E00F848B7 /* Release */ = {
			isa = XCBuildConfiguration;
			buildSettings = {
				ASSETCATALOG_COMPILER_APPICON_NAME = AppIcon;
				COMBINE_HIDPI_IMAGES = YES;
				INFOPLIST_FILE = WebShell/Info.plist;
				LD_RUNPATH_SEARCH_PATHS = "$(inherited) @executable_path/../Frameworks";
				MACOSX_DEPLOYMENT_TARGET = 10.10;
				PRODUCT_BUNDLE_IDENTIFIER = io.github.djyde.WebShell;
				PRODUCT_NAME = "$(TARGET_NAME)";
			};
			name = Release;
		};
/* End XCBuildConfiguration section */

/* Begin XCConfigurationList section */
		25B222521C25328E00F848B7 /* Build configuration list for PBXProject "WebShell" */ = {
			isa = XCConfigurationList;
			buildConfigurations = (
				25B222641C25328E00F848B7 /* Debug */,
				25B222651C25328E00F848B7 /* Release */,
			);
			defaultConfigurationIsVisible = 0;
			defaultConfigurationName = Release;
		};
		25B222661C25328E00F848B7 /* Build configuration list for PBXNativeTarget "WebShell" */ = {
			isa = XCConfigurationList;
			buildConfigurations = (
				25B222671C25328E00F848B7 /* Debug */,
				25B222681C25328E00F848B7 /* Release */,
			);
			defaultConfigurationIsVisible = 0;
			defaultConfigurationName = Release;
		};
/* End XCConfigurationList section */
	};
	rootObject = 25B2224F1C25328E00F848B7 /* Project object */;
}
